
Microsoft Visual Studio Solution File, Format Version 12.00
# Visual Studio 2012
Project("{FAE04EC0-301F-11D3-BF4B-00C04F79EFBC}") = "Blockem3D", "Blockem3D\Blockem3D.csproj", "{BC1B647E-BCFE-4010-BAEF-2E31A694EE0C}"
EndProject
Global
	GlobalSection(SolutionConfigurationPlatforms) = preSolution
		Debug|ARM = Debug|ARM
		Master|ARM = Master|ARM
		Release|ARM = Release|ARM
	EndGlobalSection
	GlobalSection(ProjectConfigurationPlatforms) = postSolution
		{BC1B647E-BCFE-4010-BAEF-2E31A694EE0C}.Debug|ARM.ActiveCfg = Debug|ARM
		{BC1B647E-BCFE-4010-BAEF-2E31A694EE0C}.Debug|ARM.Build.0 = Debug|ARM
		{BC1B647E-BCFE-4010-BAEF-2E31A694EE0C}.Debug|ARM.Deploy.0 = Debug|ARM
		{BC1B647E-BCFE-4010-BAEF-2E31A694EE0C}.Master|ARM.ActiveCfg = Master|ARM
		{BC1B647E-BCFE-4010-BAEF-2E31A694EE0C}.Master|ARM.Build.0 = Master|ARM
		{BC1B647E-BCFE-4010-BAEF-2E31A694EE0C}.Master|ARM.Deploy.0 = Master|ARM
		{BC1B647E-BCFE-4010-BAEF-2E31A694EE0C}.Release|ARM.ActiveCfg = Release|ARM
		{BC1B647E-BCFE-4010-BAEF-2E31A694EE0C}.Release|ARM.Build.0 = Release|ARM
		{BC1B647E-BCFE-4010-BAEF-2E31A694EE0C}.Release|ARM.Deploy.0 = Release|ARM
	EndGlobalSection
	GlobalSection(SolutionProperties) = preSolution
		HideSolutionNode = FALSE
	EndGlobalSection
EndGlobal
